{
    "_meta": {
        "hash": {
            "sha256": "26f9b36cd342799529f3eace3f8c5d31eafef656dccb4fd23351d0583fb280c5"
        },
        "host-environment-markers": {
            "implementation_name": "cpython",
            "implementation_version": "3.6.3",
            "os_name": "nt",
            "platform_machine": "AMD64",
            "platform_python_implementation": "CPython",
            "platform_release": "10",
            "platform_system": "Windows",
            "platform_version": "10.0.16299",
            "python_full_version": "3.6.3",
            "python_version": "3.6",
            "sys_platform": "win32"
        },
        "pipfile-spec": 6,
        "requires": {
            "python_version": "3.6"
        },
        "sources": [
            {
                "name": "pypi",
                "url": "https://pypi.python.org/simple",
                "verify_ssl": true
            }
        ]
    },
    "default": {
        "ampy": {
            "hashes": [
                "sha256:515e93d680cdccd9fd05c5eb2105a2db7110f116cc15c3e0a23cc7b185d47c1d"
            ],
            "version": "==1.2.6"
        }
    },
    "develop": {}
}
